
Microsoft Visual Studio Solution File, Format Version 12.00
# Visual Studio Version 17
VisualStudioVersion = 17.8.34330.188
MinimumVisualStudioVersion = 10.0.40219.1
Project("{9A19103F-16F7-4668-BE54-9A1E7A4F7556}") = "consolehack", "consolehack\consolehack.csproj", "{C603B0C9-DB90-4C92-A3A8-899541BAF517}"
EndProject
Project("{FAE04EC0-301F-11D3-BF4B-00C04F79EFBC}") = "consolehackTests", "consolehackTests\consolehackTests.csproj", "{EB75544C-FA98-4972-AABE-673D774C35B2}"
EndProject
Global
	GlobalSection(SolutionConfigurationPlatforms) = preSolution
		Debug|Any CPU = Debug|Any CPU
		Release|Any CPU = Release|Any CPU
	EndGlobalSection
	GlobalSection(ProjectConfigurationPlatforms) = postSolution
		{C603B0C9-DB90-4C92-A3A8-899541BAF517}.Debug|Any CPU.ActiveCfg = Debug|Any CPU
		{C603B0C9-DB90-4C92-A3A8-899541BAF517}.Debug|Any CPU.Build.0 = Debug|Any CPU
		{C603B0C9-DB90-4C92-A3A8-899541BAF517}.Release|Any CPU.ActiveCfg = Release|Any CPU
		{C603B0C9-DB90-4C92-A3A8-899541BAF517}.Release|Any CPU.Build.0 = Release|Any CPU
		{EB75544C-FA98-4972-AABE-673D774C35B2}.Debug|Any CPU.ActiveCfg = Debug|Any CPU
		{EB75544C-FA98-4972-AABE-673D774C35B2}.Debug|Any CPU.Build.0 = Debug|Any CPU
		{EB75544C-FA98-4972-AABE-673D774C35B2}.Release|Any CPU.ActiveCfg = Release|Any CPU
		{EB75544C-FA98-4972-AABE-673D774C35B2}.Release|Any CPU.Build.0 = Release|Any CPU
	EndGlobalSection
	GlobalSection(SolutionProperties) = preSolution
		HideSolutionNode = FALSE
	EndGlobalSection
	GlobalSection(ExtensibilityGlobals) = postSolution
		SolutionGuid = {0BA1EDCF-AE9B-4E0D-9579-8B86D5C56126}
	EndGlobalSection
EndGlobal
